
Microsoft Visual Studio Solution File, Format Version 10.00
# Visual Studio 2008
Project("{8BC9CEB8-8B4A-11D0-8D11-00A0C91BC942}") = "Kinect", "Kinect\Kinect.vcproj", "{2F8E5D55-38DF-4B88-9DE0-14D9AEE07D47}"
EndProject
Project("{8BC9CEB8-8B4A-11D0-8D11-00A0C91BC942}") = "KinectCamera", "KinectCamera\KinectCamera.vcproj", "{6B67A1BA-6D49-4065-9613-AC67B3E704D6}"
	ProjectSection(ProjectDependencies) = postProject
		{2F8E5D55-38DF-4B88-9DE0-14D9AEE07D47} = {2F8E5D55-38DF-4B88-9DE0-14D9AEE07D47}
	EndProjectSection
EndProject
Project("{8BC9CEB8-8B4A-11D0-8D11-00A0C91BC942}") = "Calibration", "Calibration\Calibration.vcproj", "{C84CBD68-8301-417F-A6C6-E12C39D8A09E}"
	ProjectSection(ProjectDependencies) = postProject
		{2F8E5D55-38DF-4B88-9DE0-14D9AEE07D47} = {2F8E5D55-38DF-4B88-9DE0-14D9AEE07D47}
		{6B67A1BA-6D49-4065-9613-AC67B3E704D6} = {6B67A1BA-6D49-4065-9613-AC67B3E704D6}
	EndProjectSection
EndProject
Global
	GlobalSection(SolutionConfigurationPlatforms) = preSolution
		Debug|Win32 = Debug|Win32
		Release|Win32 = Release|Win32
	EndGlobalSection
	GlobalSection(ProjectConfigurationPlatforms) = postSolution
		{2F8E5D55-38DF-4B88-9DE0-14D9AEE07D47}.Debug|Win32.ActiveCfg = Debug|Win32
		{2F8E5D55-38DF-4B88-9DE0-14D9AEE07D47}.Debug|Win32.Build.0 = Debug|Win32
		{2F8E5D55-38DF-4B88-9DE0-14D9AEE07D47}.Release|Win32.ActiveCfg = Release|Win32
		{2F8E5D55-38DF-4B88-9DE0-14D9AEE07D47}.Release|Win32.Build.0 = Release|Win32
		{6B67A1BA-6D49-4065-9613-AC67B3E704D6}.Debug|Win32.ActiveCfg = Debug|Win32
		{6B67A1BA-6D49-4065-9613-AC67B3E704D6}.Debug|Win32.Build.0 = Debug|Win32
		{6B67A1BA-6D49-4065-9613-AC67B3E704D6}.Release|Win32.ActiveCfg = Release|Win32
		{6B67A1BA-6D49-4065-9613-AC67B3E704D6}.Release|Win32.Build.0 = Release|Win32
		{C84CBD68-8301-417F-A6C6-E12C39D8A09E}.Debug|Win32.ActiveCfg = Debug|Win32
		{C84CBD68-8301-417F-A6C6-E12C39D8A09E}.Debug|Win32.Build.0 = Debug|Win32
		{C84CBD68-8301-417F-A6C6-E12C39D8A09E}.Release|Win32.ActiveCfg = Release|Win32
		{C84CBD68-8301-417F-A6C6-E12C39D8A09E}.Release|Win32.Build.0 = Release|Win32
	EndGlobalSection
	GlobalSection(SolutionProperties) = preSolution
		HideSolutionNode = FALSE
	EndGlobalSection
EndGlobal
